<?xml version="1.0" encoding="utf-8"?>
<Project ToolsVersion="4.0" xmlns="http://schemas.microsoft.com/developer/msbuild/2003">
  <ItemGroup>
    <ClCompile Include="CSceneNodeAnimatorCameraCustom.cpp" />
    <ClCompile Include="DdsImage.cpp" />
    <ClCompile Include="Helpers.cpp" />
    <ClCompile Include="main.cpp" />
    <ClCompile Include="DataManager.cpp" />
    <ClCompile Include="OrbiterMesh.cpp" />
    <ClCompile Include="s3tc.cpp" />
    <ClCompile Include="SE_ToolBox.cpp" />
    <ClCompile Include="Shipyard.cpp" />
    <ClCompile Include="StackFunctions.cpp" />
    <ClCompile Include="VesselSceneNode.cpp" />
  </ItemGroup>
  <ItemGroup>
    <ClInclude Include="Common.h" />
    <ClInclude Include="CSceneNodeAnimatorCameraCustom.h" />
    <ClInclude Include="DdsHeader.h" />
    <ClInclude Include="DdsImage.h" />
    <ClInclude Include="GuiIdentifiers.h" />
    <ClInclude Include="Helpers.h" />
    <ClInclude Include="DataManager.h" />
    <ClInclude Include="OrbiterDockingPort.h" />
    <ClInclude Include="OrbiterMesh.h" />
    <ClInclude Include="OrbiterMeshGroup.h" />
    <ClInclude Include="resource.h" />
    <ClInclude Include="s3tc.h" />
    <ClInclude Include="SE_ToolBox.h" />
    <ClInclude Include="StackFunctions.h" />
    <ClInclude Include="VesselSceneNode.h" />
    <ClInclude Include="Shipyard.h" />
  </ItemGroup>
</Project>