<?xml version="1.0" encoding="utf-8"?>
<Project ToolsVersion="4.0" xmlns="http://schemas.microsoft.com/developer/msbuild/2003">
  <ItemGroup>
    <ClCompile Include="DataManager.cpp">
      <Filter>C++ Files</Filter>
    </ClCompile>
    <ClCompile Include="DdsImage.cpp">
      <Filter>C++ Files</Filter>
    </ClCompile>
    <ClCompile Include="Helpers.cpp">
      <Filter>C++ Files</Filter>
    </ClCompile>
    <ClCompile Include="OrbiterMesh.cpp">
      <Filter>C++ Files</Filter>
    </ClCompile>
    <ClCompile Include="s3tc.cpp">
      <Filter>C++ Files</Filter>
    </ClCompile>
    <ClCompile Include="SE_ToolBox.cpp">
      <Filter>C++ Files</Filter>
    </ClCompile>
    <ClCompile Include="VesselSceneNode.cpp">
      <Filter>C++ Files</Filter>
    </ClCompile>
    <ClCompile Include="VesselStack.cpp">
      <Filter>C++ Files</Filter>
    </ClCompile>
    <ClCompile Include="SE_PhotoStudio.cpp">
      <Filter>C++ Files</Filter>
    </ClCompile>
    <ClCompile Include="SE_ImsData.cpp">
      <Filter>C++ Files</Filter>
    </ClCompile>
    <ClCompile Include="VesselStackOperations.cpp">
      <Filter>C++ Files</Filter>
    </ClCompile>
    <ClCompile Include="main_orbiter.cpp">
      <Filter>C++ Files</Filter>
    </ClCompile>
    <ClCompile Include="StackExport.cpp">
      <Filter>C++ Files</Filter>
    </ClCompile>
    <ClCompile Include="StackImport.cpp">
      <Filter>C++ Files</Filter>
    </ClCompile>
    <ClCompile Include="OrbiterDockingPort.cpp">
      <Filter>C++ Files</Filter>
    </ClCompile>
    <ClCompile Include="SE_State.cpp">
      <Filter>C++ Files</Filter>
    </ClCompile>
    <ClCompile Include="Version.cpp">
      <Filter>C++ Files</Filter>
    </ClCompile>
    <ClCompile Include="Log.cpp">
      <Filter>C++ Files</Filter>
    </ClCompile>
    <ClCompile Include="StackEditor.cpp">
      <Filter>C++ Files</Filter>
    </ClCompile>
    <ClCompile Include="StackEditorCamera.cpp">
      <Filter>C++ Files</Filter>
    </ClCompile>
  </ItemGroup>
  <ItemGroup>
    <ClInclude Include="Common.h">
      <Filter>Header Files</Filter>
    </ClInclude>
    <ClInclude Include="DataManager.h">
      <Filter>Header Files</Filter>
    </ClInclude>
    <ClInclude Include="DdsHeader.h">
      <Filter>Header Files</Filter>
    </ClInclude>
    <ClInclude Include="DdsImage.h">
      <Filter>Header Files</Filter>
    </ClInclude>
    <ClInclude Include="GuiIdentifiers.h">
      <Filter>Header Files</Filter>
    </ClInclude>
    <ClInclude Include="Helpers.h">
      <Filter>Header Files</Filter>
    </ClInclude>
    <ClInclude Include="OrbiterDockingPort.h">
      <Filter>Header Files</Filter>
    </ClInclude>
    <ClInclude Include="OrbiterMesh.h">
      <Filter>Header Files</Filter>
    </ClInclude>
    <ClInclude Include="OrbiterMeshGroup.h">
      <Filter>Header Files</Filter>
    </ClInclude>
    <ClInclude Include="resource.h">
      <Filter>Header Files</Filter>
    </ClInclude>
    <ClInclude Include="s3tc.h">
      <Filter>Header Files</Filter>
    </ClInclude>
    <ClInclude Include="SE_ToolBox.h">
      <Filter>Header Files</Filter>
    </ClInclude>
    <ClInclude Include="VesselSceneNode.h">
      <Filter>Header Files</Filter>
    </ClInclude>
    <ClInclude Include="VesselStack.h">
      <Filter>Header Files</Filter>
    </ClInclude>
    <ClInclude Include="SE_PhotoStudio.h">
      <Filter>Header Files</Filter>
    </ClInclude>
    <ClInclude Include="SE_ImsData.h">
      <Filter>Header Files</Filter>
    </ClInclude>
    <ClInclude Include="VesselStackOperations.h">
      <Filter>Header Files</Filter>
    </ClInclude>
    <ClInclude Include="StackExport.h">
      <Filter>Header Files</Filter>
    </ClInclude>
    <ClInclude Include="StackImport.h">
      <Filter>Header Files</Filter>
    </ClInclude>
    <ClInclude Include="StackExportStructs.h">
      <Filter>Header Files</Filter>
    </ClInclude>
    <ClInclude Include="SE_State.h">
      <Filter>Header Files</Filter>
    </ClInclude>
    <ClInclude Include="Version.h">
      <Filter>Header Files</Filter>
    </ClInclude>
    <ClInclude Include="Log.h">
      <Filter>Header Files</Filter>
    </ClInclude>
    <ClInclude Include="StackEditor.h">
      <Filter>Header Files</Filter>
    </ClInclude>
    <ClInclude Include="StackEditorCamera.h">
      <Filter>Header Files</Filter>
    </ClInclude>
  </ItemGroup>
  <ItemGroup>
    <Filter Include="Header Files">
      <UniqueIdentifier>{376a3d2f-39c0-4630-913f-5dc612ac4392}</UniqueIdentifier>
    </Filter>
    <Filter Include="C++ Files">
      <UniqueIdentifier>{26cfe5e5-a320-4ad7-8bd7-d20acf5b4aa5}</UniqueIdentifier>
    </Filter>
  </ItemGroup>
</Project>